
Microsoft Visual Studio Solution File, Format Version 12.00
# Visual Studio Version 17
VisualStudioVersion = 17.9.34902.65
MinimumVisualStudioVersion = 10.0.40219.1
Project("{9A19103F-16F7-4668-BE54-9A1E7A4F7556}") = "TradeAPI", "TradeAPI.csproj", "{AC2AD6C5-DEB3-4B3D-B11A-B7965A8CDBA3}"
EndProject
Global
	GlobalSection(SolutionConfigurationPlatforms) = preSolution
		Debug|Any CPU = Debug|Any CPU
		Release|Any CPU = Release|Any CPU
	EndGlobalSection
	GlobalSection(ProjectConfigurationPlatforms) = postSolution
		{AC2AD6C5-DEB3-4B3D-B11A-B7965A8CDBA3}.Debug|Any CPU.ActiveCfg = Debug|Any CPU
		{AC2AD6C5-DEB3-4B3D-B11A-B7965A8CDBA3}.Debug|Any CPU.Build.0 = Debug|Any CPU
		{AC2AD6C5-DEB3-4B3D-B11A-B7965A8CDBA3}.Release|Any CPU.ActiveCfg = Release|Any CPU
		{AC2AD6C5-DEB3-4B3D-B11A-B7965A8CDBA3}.Release|Any CPU.Build.0 = Release|Any CPU
	EndGlobalSection
	GlobalSection(SolutionProperties) = preSolution
		HideSolutionNode = FALSE
	EndGlobalSection
	GlobalSection(ExtensibilityGlobals) = postSolution
		SolutionGuid = {A4C5B748-5FD1-4FCF-B263-06AE61E632F7}
	EndGlobalSection
EndGlobal
